
Microsoft Visual Studio Solution File, Format Version 12.00
# Visual Studio 14
VisualStudioVersion = 14.0.25420.1
MinimumVisualStudioVersion = 10.0.40219.1
Project("{FAE04EC0-301F-11D3-BF4B-00C04F79EFBC}") = "WCFChat.Gui", "WCFChat.Gui\WCFChat.Gui.csproj", "{56F2A50B-D74A-4FC2-AE74-2101842CCDAE}"
EndProject
Project("{FAE04EC0-301F-11D3-BF4B-00C04F79EFBC}") = "WCFChat.Logic", "WCFChat.Logic\WCFChat.Logic.csproj", "{B27D2F0F-0854-497A-951E-C2956C71A92E}"
	ProjectSection(ProjectDependencies) = postProject
		{5B861664-A319-4439-95DD-AE876CEECAA9} = {5B861664-A319-4439-95DD-AE876CEECAA9}
	EndProjectSection
EndProject
Project("{FAE04EC0-301F-11D3-BF4B-00C04F79EFBC}") = "WCFChat.Service", "WCFChat.Service\WCFChat.Service.csproj", "{5B861664-A319-4439-95DD-AE876CEECAA9}"
EndProject
Global
	GlobalSection(SolutionConfigurationPlatforms) = preSolution
		Debug|Any CPU = Debug|Any CPU
		Release|Any CPU = Release|Any CPU
	EndGlobalSection
	GlobalSection(ProjectConfigurationPlatforms) = postSolution
		{56F2A50B-D74A-4FC2-AE74-2101842CCDAE}.Debug|Any CPU.ActiveCfg = Debug|Any CPU
		{56F2A50B-D74A-4FC2-AE74-2101842CCDAE}.Debug|Any CPU.Build.0 = Debug|Any CPU
		{56F2A50B-D74A-4FC2-AE74-2101842CCDAE}.Release|Any CPU.ActiveCfg = Release|Any CPU
		{56F2A50B-D74A-4FC2-AE74-2101842CCDAE}.Release|Any CPU.Build.0 = Release|Any CPU
		{B27D2F0F-0854-497A-951E-C2956C71A92E}.Debug|Any CPU.ActiveCfg = Debug|Any CPU
		{B27D2F0F-0854-497A-951E-C2956C71A92E}.Debug|Any CPU.Build.0 = Debug|Any CPU
		{B27D2F0F-0854-497A-951E-C2956C71A92E}.Release|Any CPU.ActiveCfg = Release|Any CPU
		{B27D2F0F-0854-497A-951E-C2956C71A92E}.Release|Any CPU.Build.0 = Release|Any CPU
		{5B861664-A319-4439-95DD-AE876CEECAA9}.Debug|Any CPU.ActiveCfg = Debug|Any CPU
		{5B861664-A319-4439-95DD-AE876CEECAA9}.Debug|Any CPU.Build.0 = Debug|Any CPU
		{5B861664-A319-4439-95DD-AE876CEECAA9}.Release|Any CPU.ActiveCfg = Release|Any CPU
		{5B861664-A319-4439-95DD-AE876CEECAA9}.Release|Any CPU.Build.0 = Release|Any CPU
	EndGlobalSection
	GlobalSection(SolutionProperties) = preSolution
		HideSolutionNode = FALSE
	EndGlobalSection
EndGlobal
